
Microsoft Visual Studio Solution File, Format Version 12.00
# Visual Studio Version 17
VisualStudioVersion = 17.0.31912.275
MinimumVisualStudioVersion = 10.0.40219.1
Project("{FAE04EC0-301F-11D3-BF4B-00C04F79EFBC}") = "QRCode", "QRCode\QRCode.csproj", "{B4878A45-7CF7-4109-B99C-B48AAD979334}"
EndProject
Global
	GlobalSection(SolutionConfigurationPlatforms) = preSolution
		Debug|Any CPU = Debug|Any CPU
		Release|Any CPU = Release|Any CPU
	EndGlobalSection
	GlobalSection(ProjectConfigurationPlatforms) = postSolution
		{B4878A45-7CF7-4109-B99C-B48AAD979334}.Debug|Any CPU.ActiveCfg = Debug|Any CPU
		{B4878A45-7CF7-4109-B99C-B48AAD979334}.Debug|Any CPU.Build.0 = Debug|Any CPU
		{B4878A45-7CF7-4109-B99C-B48AAD979334}.Release|Any CPU.ActiveCfg = Release|Any CPU
		{B4878A45-7CF7-4109-B99C-B48AAD979334}.Release|Any CPU.Build.0 = Release|Any CPU
	EndGlobalSection
	GlobalSection(SolutionProperties) = preSolution
		HideSolutionNode = FALSE
	EndGlobalSection
	GlobalSection(ExtensibilityGlobals) = postSolution
		SolutionGuid = {95216150-1B9F-471E-B1DA-3FE63122F26F}
	EndGlobalSection
EndGlobal
